
Microsoft Visual Studio Solution File, Format Version 12.00
# Visual Studio Version 17
VisualStudioVersion = 17.1.32328.378
MinimumVisualStudioVersion = 10.0.40219.1
Project("{FAE04EC0-301F-11D3-BF4B-00C04F79EFBC}") = "APIQRCode", "APIQRCode\APIQRCode.csproj", "{8949782C-6230-494D-A443-42D8A1ECB47F}"
EndProject
Global
	GlobalSection(SolutionConfigurationPlatforms) = preSolution
		Debug|Any CPU = Debug|Any CPU
		Release|Any CPU = Release|Any CPU
	EndGlobalSection
	GlobalSection(ProjectConfigurationPlatforms) = postSolution
		{8949782C-6230-494D-A443-42D8A1ECB47F}.Debug|Any CPU.ActiveCfg = Debug|Any CPU
		{8949782C-6230-494D-A443-42D8A1ECB47F}.Debug|Any CPU.Build.0 = Debug|Any CPU
		{8949782C-6230-494D-A443-42D8A1ECB47F}.Release|Any CPU.ActiveCfg = Release|Any CPU
		{8949782C-6230-494D-A443-42D8A1ECB47F}.Release|Any CPU.Build.0 = Release|Any CPU
	EndGlobalSection
	GlobalSection(SolutionProperties) = preSolution
		HideSolutionNode = FALSE
	EndGlobalSection
	GlobalSection(ExtensibilityGlobals) = postSolution
		SolutionGuid = {0F16D430-2C2E-4CAF-B422-D5E0C818C46A}
	EndGlobalSection
EndGlobal
